// !$*UTF8*$!
{
	archiveVersion = 1;
	classes = {
	};
	objectVersion = 46;
	objects = {

/* Begin PBXBuildFile section */
		FA06BC661E81F0090028A516 /* PostCell.swift in Sources */ = {isa = PBXBuildFile; fileRef = FA06BC651E81F0090028A516 /* PostCell.swift */; };
		FA424F471E84BB31009A0B30 /* UsuariosVC.swift in Sources */ = {isa = PBXBuildFile; fileRef = FA424F461E84BB31009A0B30 /* UsuariosVC.swift */; };
		FA424F491E84BB60009A0B30 /* UsuariosCell.swift in Sources */ = {isa = PBXBuildFile; fileRef = FA424F481E84BB60009A0B30 /* UsuariosCell.swift */; };
		FA424F4B1E856C23009A0B30 /* ConvidadoVC.swift in Sources */ = {isa = PBXBuildFile; fileRef = FA424F4A1E856C23009A0B30 /* ConvidadoVC.swift */; };
		FA424F4D1E858AA5009A0B30 /* EditarVC.swift in Sources */ = {isa = PBXBuildFile; fileRef = FA424F4C1E858AA5009A0B30 /* EditarVC.swift */; };
		FA4C9F8F1E806905007D9BF5 /* PostVC.swift in Sources */ = {isa = PBXBuildFile; fileRef = FA4C9F8E1E806905007D9BF5 /* PostVC.swift */; };
		FA5DEB481E786005001A3342 /* EntrarVC.swift in Sources */ = {isa = PBXBuildFile; fileRef = FA5DEB471E786005001A3342 /* EntrarVC.swift */; };
		FA5DEB4A1E788B19001A3342 /* RedefinirSenhaVC.swift in Sources */ = {isa = PBXBuildFile; fileRef = FA5DEB491E788B19001A3342 /* RedefinirSenhaVC.swift */; };
		FA5DEB4C1E7CD670001A3342 /* NavVC.swift in Sources */ = {isa = PBXBuildFile; fileRef = FA5DEB4B1E7CD670001A3342 /* NavVC.swift */; };
		FA5DEB4E1E7CDA0B001A3342 /* TabBarVC.swift in Sources */ = {isa = PBXBuildFile; fileRef = FA5DEB4D1E7CDA0B001A3342 /* TabBarVC.swift */; };
		FA5DEB501E7CE911001A3342 /* HomeVC.swift in Sources */ = {isa = PBXBuildFile; fileRef = FA5DEB4F1E7CE911001A3342 /* HomeVC.swift */; };
		FAD051C81E75CC440043DC65 /* AppDelegate.swift in Sources */ = {isa = PBXBuildFile; fileRef = FAD051C71E75CC440043DC65 /* AppDelegate.swift */; };
		FAD051CA1E75CC440043DC65 /* RegistrarVC.swift in Sources */ = {isa = PBXBuildFile; fileRef = FAD051C91E75CC440043DC65 /* RegistrarVC.swift */; };
		FAD051CD1E75CC440043DC65 /* Main.storyboard in Resources */ = {isa = PBXBuildFile; fileRef = FAD051CB1E75CC440043DC65 /* Main.storyboard */; };
		FAD051CF1E75CC440043DC65 /* Assets.xcassets in Resources */ = {isa = PBXBuildFile; fileRef = FAD051CE1E75CC440043DC65 /* Assets.xcassets */; };
		FAD051D21E75CC440043DC65 /* LaunchScreen.storyboard in Resources */ = {isa = PBXBuildFile; fileRef = FAD051D01E75CC440043DC65 /* LaunchScreen.storyboard */; };
/* End PBXBuildFile section */

/* Begin PBXFileReference section */
		FA06BC651E81F0090028A516 /* PostCell.swift */ = {isa = PBXFileReference; fileEncoding = 4; lastKnownFileType = sourcecode.swift; path = PostCell.swift; sourceTree = "<group>"; };
		FA424F461E84BB31009A0B30 /* UsuariosVC.swift */ = {isa = PBXFileReference; fileEncoding = 4; lastKnownFileType = sourcecode.swift; path = UsuariosVC.swift; sourceTree = "<group>"; };
		FA424F481E84BB60009A0B30 /* UsuariosCell.swift */ = {isa = PBXFileReference; fileEncoding = 4; lastKnownFileType = sourcecode.swift; path = UsuariosCell.swift; sourceTree = "<group>"; };
		FA424F4A1E856C23009A0B30 /* ConvidadoVC.swift */ = {isa = PBXFileReference; fileEncoding = 4; lastKnownFileType = sourcecode.swift; path = ConvidadoVC.swift; sourceTree = "<group>"; };
		FA424F4C1E858AA5009A0B30 /* EditarVC.swift */ = {isa = PBXFileReference; fileEncoding = 4; lastKnownFileType = sourcecode.swift; path = EditarVC.swift; sourceTree = "<group>"; };
		FA4C9F8E1E806905007D9BF5 /* PostVC.swift */ = {isa = PBXFileReference; fileEncoding = 4; lastKnownFileType = sourcecode.swift; path = PostVC.swift; sourceTree = "<group>"; };
		FA5DEB471E786005001A3342 /* EntrarVC.swift */ = {isa = PBXFileReference; fileEncoding = 4; lastKnownFileType = sourcecode.swift; path = EntrarVC.swift; sourceTree = "<group>"; };
		FA5DEB491E788B19001A3342 /* RedefinirSenhaVC.swift */ = {isa = PBXFileReference; fileEncoding = 4; lastKnownFileType = sourcecode.swift; path = RedefinirSenhaVC.swift; sourceTree = "<group>"; };
		FA5DEB4B1E7CD670001A3342 /* NavVC.swift */ = {isa = PBXFileReference; fileEncoding = 4; lastKnownFileType = sourcecode.swift; path = NavVC.swift; sourceTree = "<group>"; };
		FA5DEB4D1E7CDA0B001A3342 /* TabBarVC.swift */ = {isa = PBXFileReference; fileEncoding = 4; lastKnownFileType = sourcecode.swift; path = TabBarVC.swift; sourceTree = "<group>"; };
		FA5DEB4F1E7CE911001A3342 /* HomeVC.swift */ = {isa = PBXFileReference; fileEncoding = 4; lastKnownFileType = sourcecode.swift; path = HomeVC.swift; sourceTree = "<group>"; };
		FAD051C41E75CC440043DC65 /* Kwitter.app */ = {isa = PBXFileReference; explicitFileType = wrapper.application; includeInIndex = 0; path = Kwitter.app; sourceTree = BUILT_PRODUCTS_DIR; };
		FAD051C71E75CC440043DC65 /* AppDelegate.swift */ = {isa = PBXFileReference; lastKnownFileType = sourcecode.swift; path = AppDelegate.swift; sourceTree = "<group>"; };
		FAD051C91E75CC440043DC65 /* RegistrarVC.swift */ = {isa = PBXFileReference; lastKnownFileType = sourcecode.swift; path = RegistrarVC.swift; sourceTree = "<group>"; };
		FAD051CC1E75CC440043DC65 /* Base */ = {isa = PBXFileReference; lastKnownFileType = file.storyboard; name = Base; path = Base.lproj/Main.storyboard; sourceTree = "<group>"; };
		FAD051CE1E75CC440043DC65 /* Assets.xcassets */ = {isa = PBXFileReference; lastKnownFileType = folder.assetcatalog; path = Assets.xcassets; sourceTree = "<group>"; };
		FAD051D11E75CC440043DC65 /* Base */ = {isa = PBXFileReference; lastKnownFileType = file.storyboard; name = Base; path = Base.lproj/LaunchScreen.storyboard; sourceTree = "<group>"; };
		FAD051D31E75CC440043DC65 /* Info.plist */ = {isa = PBXFileReference; lastKnownFileType = text.plist.xml; path = Info.plist; sourceTree = "<group>"; };
/* End PBXFileReference section */

/* Begin PBXFrameworksBuildPhase section */
		FAD051C11E75CC430043DC65 /* Frameworks */ = {
			isa = PBXFrameworksBuildPhase;
			buildActionMask = 2147483647;
			files = (
			);
			runOnlyForDeploymentPostprocessing = 0;
		};
/* End PBXFrameworksBuildPhase section */

/* Begin PBXGroup section */
		FAD051BB1E75CC430043DC65 = {
			isa = PBXGroup;
			children = (
				FAD051C61E75CC440043DC65 /* Kwitter */,
				FAD051C51E75CC440043DC65 /* Products */,
			);
			sourceTree = "<group>";
		};
		FAD051C51E75CC440043DC65 /* Products */ = {
			isa = PBXGroup;
			children = (
				FAD051C41E75CC440043DC65 /* Kwitter.app */,
			);
			name = Products;
			sourceTree = "<group>";
		};
		FAD051C61E75CC440043DC65 /* Kwitter */ = {
			isa = PBXGroup;
			children = (
				FAD051C71E75CC440043DC65 /* AppDelegate.swift */,
				FA5DEB471E786005001A3342 /* EntrarVC.swift */,
				FAD051C91E75CC440043DC65 /* RegistrarVC.swift */,
				FA5DEB491E788B19001A3342 /* RedefinirSenhaVC.swift */,
				FA5DEB4B1E7CD670001A3342 /* NavVC.swift */,
				FA5DEB4D1E7CDA0B001A3342 /* TabBarVC.swift */,
				FA5DEB4F1E7CE911001A3342 /* HomeVC.swift */,
				FA424F4C1E858AA5009A0B30 /* EditarVC.swift */,
				FA4C9F8E1E806905007D9BF5 /* PostVC.swift */,
				FA06BC651E81F0090028A516 /* PostCell.swift */,
				FA424F461E84BB31009A0B30 /* UsuariosVC.swift */,
				FA424F481E84BB60009A0B30 /* UsuariosCell.swift */,
				FA424F4A1E856C23009A0B30 /* ConvidadoVC.swift */,
				FAD051CB1E75CC440043DC65 /* Main.storyboard */,
				FAD051CE1E75CC440043DC65 /* Assets.xcassets */,
				FAD051D01E75CC440043DC65 /* LaunchScreen.storyboard */,
				FAD051D31E75CC440043DC65 /* Info.plist */,
			);
			path = Kwitter;
			sourceTree = "<group>";
		};
/* End PBXGroup section */

/* Begin PBXNativeTarget section */
		FAD051C31E75CC430043DC65 /* Kwitter */ = {
			isa = PBXNativeTarget;
			buildConfigurationList = FAD051D61E75CC440043DC65 /* Build configuration list for PBXNativeTarget "Kwitter" */;
			buildPhases = (
				FAD051C01E75CC430043DC65 /* Sources */,
				FAD051C11E75CC430043DC65 /* Frameworks */,
				FAD051C21E75CC430043DC65 /* Resources */,
			);
			buildRules = (
			);
			dependencies = (
			);
			name = Kwitter;
			productName = Kwitter;
			productReference = FAD051C41E75CC440043DC65 /* Kwitter.app */;
			productType = "com.apple.product-type.application";
		};
/* End PBXNativeTarget section */

/* Begin PBXProject section */
		FAD051BC1E75CC430043DC65 /* Project object */ = {
			isa = PBXProject;
			attributes = {
				LastSwiftUpdateCheck = 0820;
				LastUpgradeCheck = 0820;
				ORGANIZATIONNAME = AppaoCubo;
				TargetAttributes = {
					FAD051C31E75CC430043DC65 = {
						CreatedOnToolsVersion = 8.2.1;
						DevelopmentTeam = HM3P6TPYBB;
						LastSwiftMigration = 0820;
						ProvisioningStyle = Automatic;
					};
				};
			};
			buildConfigurationList = FAD051BF1E75CC430043DC65 /* Build configuration list for PBXProject "Kwitter" */;
			compatibilityVersion = "Xcode 3.2";
			developmentRegion = English;
			hasScannedForEncodings = 0;
			knownRegions = (
				en,
				Base,
			);
			mainGroup = FAD051BB1E75CC430043DC65;
			productRefGroup = FAD051C51E75CC440043DC65 /* Products */;
			projectDirPath = "";
			projectRoot = "";
			targets = (
				FAD051C31E75CC430043DC65 /* Kwitter */,
			);
		};
/* End PBXProject section */

/* Begin PBXResourcesBuildPhase section */
		FAD051C21E75CC430043DC65 /* Resources */ = {
			isa = PBXResourcesBuildPhase;
			buildActionMask = 2147483647;
			files = (
				FAD051D21E75CC440043DC65 /* LaunchScreen.storyboard in Resources */,
				FAD051CF1E75CC440043DC65 /* Assets.xcassets in Resources */,
				FAD051CD1E75CC440043DC65 /* Main.storyboard in Resources */,
			);
			runOnlyForDeploymentPostprocessing = 0;
		};
/* End PBXResourcesBuildPhase section */

/* Begin PBXSourcesBuildPhase section */
		FAD051C01E75CC430043DC65 /* Sources */ = {
			isa = PBXSourcesBuildPhase;
			buildActionMask = 2147483647;
			files = (
				FAD051CA1E75CC440043DC65 /* RegistrarVC.swift in Sources */,
				FA5DEB501E7CE911001A3342 /* HomeVC.swift in Sources */,
				FA5DEB4C1E7CD670001A3342 /* NavVC.swift in Sources */,
				FA424F4D1E858AA5009A0B30 /* EditarVC.swift in Sources */,
				FA424F471E84BB31009A0B30 /* UsuariosVC.swift in Sources */,
				FA424F4B1E856C23009A0B30 /* ConvidadoVC.swift in Sources */,
				FA5DEB4A1E788B19001A3342 /* RedefinirSenhaVC.swift in Sources */,
				FAD051C81E75CC440043DC65 /* AppDelegate.swift in Sources */,
				FA06BC661E81F0090028A516 /* PostCell.swift in Sources */,
				FA5DEB4E1E7CDA0B001A3342 /* TabBarVC.swift in Sources */,
				FA4C9F8F1E806905007D9BF5 /* PostVC.swift in Sources */,
				FA5DEB481E786005001A3342 /* EntrarVC.swift in Sources */,
				FA424F491E84BB60009A0B30 /* UsuariosCell.swift in Sources */,
			);
			runOnlyForDeploymentPostprocessing = 0;
		};
/* End PBXSourcesBuildPhase section */

/* Begin PBXVariantGroup section */
		FAD051CB1E75CC440043DC65 /* Main.storyboard */ = {
			isa = PBXVariantGroup;
			children = (
				FAD051CC1E75CC440043DC65 /* Base */,
			);
			name = Main.storyboard;
			sourceTree = "<group>";
		};
		FAD051D01E75CC440043DC65 /* LaunchScreen.storyboard */ = {
			isa = PBXVariantGroup;
			children = (
				FAD051D11E75CC440043DC65 /* Base */,
			);
			name = LaunchScreen.storyboard;
			sourceTree = "<group>";
		};
/* End PBXVariantGroup section */

/* Begin XCBuildConfiguration section */
		FAD051D41E75CC440043DC65 /* Debug */ = {
			isa = XCBuildConfiguration;
			buildSettings = {
				ALWAYS_SEARCH_USER_PATHS = NO;
				CLANG_ANALYZER_NONNULL = YES;
				CLANG_CXX_LANGUAGE_STANDARD = "gnu++0x";
				CLANG_CXX_LIBRARY = "libc++";
				CLANG_ENABLE_MODULES = YES;
				CLANG_ENABLE_OBJC_ARC = YES;
				CLANG_WARN_BOOL_CONVERSION = YES;
				CLANG_WARN_CONSTANT_CONVERSION = YES;
				CLANG_WARN_DIRECT_OBJC_ISA_USAGE = YES_ERROR;
				CLANG_WARN_DOCUMENTATION_COMMENTS = YES;
				CLANG_WARN_EMPTY_BODY = YES;
				CLANG_WARN_ENUM_CONVERSION = YES;
				CLANG_WARN_INFINITE_RECURSION = YES;
				CLANG_WARN_INT_CONVERSION = YES;
				CLANG_WARN_OBJC_ROOT_CLASS = YES_ERROR;
				CLANG_WARN_SUSPICIOUS_MOVE = YES;
				CLANG_WARN_UNREACHABLE_CODE = YES;
				CLANG_WARN__DUPLICATE_METHOD_MATCH = YES;
				"CODE_SIGN_IDENTITY[sdk=iphoneos*]" = "iPhone Developer";
				COPY_PHASE_STRIP = NO;
				DEBUG_INFORMATION_FORMAT = dwarf;
				ENABLE_STRICT_OBJC_MSGSEND = YES;
				ENABLE_TESTABILITY = YES;
				GCC_C_LANGUAGE_STANDARD = gnu99;
				GCC_DYNAMIC_NO_PIC = NO;
				GCC_NO_COMMON_BLOCKS = YES;
				GCC_OPTIMIZATION_LEVEL = 0;
				GCC_PREPROCESSOR_DEFINITIONS = (
					"DEBUG=1",
					"$(inherited)",
				);
				GCC_WARN_64_TO_32_BIT_CONVERSION = YES;
				GCC_WARN_ABOUT_RETURN_TYPE = YES_ERROR;
				GCC_WARN_UNDECLARED_SELECTOR = YES;
				GCC_WARN_UNINITIALIZED_AUTOS = YES_AGGRESSIVE;
				GCC_WARN_UNUSED_FUNCTION = YES;
				GCC_WARN_UNUSED_VARIABLE = YES;
				IPHONEOS_DEPLOYMENT_TARGET = 10.2;
				MTL_ENABLE_DEBUG_INFO = YES;
				ONLY_ACTIVE_ARCH = YES;
				SDKROOT = iphoneos;
				SWIFT_ACTIVE_COMPILATION_CONDITIONS = DEBUG;
				SWIFT_OPTIMIZATION_LEVEL = "-Onone";
				TARGETED_DEVICE_FAMILY = "1,2";
			};
			name = Debug;
		};
		FAD051D51E75CC440043DC65 /* Release */ = {
			isa = XCBuildConfiguration;
			buildSettings = {
				ALWAYS_SEARCH_USER_PATHS = NO;
				CLANG_ANALYZER_NONNULL = YES;
				CLANG_CXX_LANGUAGE_STANDARD = "gnu++0x";
				CLANG_CXX_LIBRARY = "libc++";
				CLANG_ENABLE_MODULES = YES;
				CLANG_ENABLE_OBJC_ARC = YES;
				CLANG_WARN_BOOL_CONVERSION = YES;
				CLANG_WARN_CONSTANT_CONVERSION = YES;
				CLANG_WARN_DIRECT_OBJC_ISA_USAGE = YES_ERROR;
				CLANG_WARN_DOCUMENTATION_COMMENTS = YES;
				CLANG_WARN_EMPTY_BODY = YES;
				CLANG_WARN_ENUM_CONVERSION = YES;
				CLANG_WARN_INFINITE_RECURSION = YES;
				CLANG_WARN_INT_CONVERSION = YES;
				CLANG_WARN_OBJC_ROOT_CLASS = YES_ERROR;
				CLANG_WARN_SUSPICIOUS_MOVE = YES;
				CLANG_WARN_UNREACHABLE_CODE = YES;
				CLANG_WARN__DUPLICATE_METHOD_MATCH = YES;
				"CODE_SIGN_IDENTITY[sdk=iphoneos*]" = "iPhone Developer";
				COPY_PHASE_STRIP = NO;
				DEBUG_INFORMATION_FORMAT = "dwarf-with-dsym";
				ENABLE_NS_ASSERTIONS = NO;
				ENABLE_STRICT_OBJC_MSGSEND = YES;
				GCC_C_LANGUAGE_STANDARD = gnu99;
				GCC_NO_COMMON_BLOCKS = YES;
				GCC_WARN_64_TO_32_BIT_CONVERSION = YES;
				GCC_WARN_ABOUT_RETURN_TYPE = YES_ERROR;
				GCC_WARN_UNDECLARED_SELECTOR = YES;
				GCC_WARN_UNINITIALIZED_AUTOS = YES_AGGRESSIVE;
				GCC_WARN_UNUSED_FUNCTION = YES;
				GCC_WARN_UNUSED_VARIABLE = YES;
				IPHONEOS_DEPLOYMENT_TARGET = 10.2;
				MTL_ENABLE_DEBUG_INFO = NO;
				SDKROOT = iphoneos;
				SWIFT_OPTIMIZATION_LEVEL = "-Owholemodule";
				TARGETED_DEVICE_FAMILY = "1,2";
				VALIDATE_PRODUCT = YES;
			};
			name = Release;
		};
		FAD051D71E75CC440043DC65 /* Debug */ = {
			isa = XCBuildConfiguration;
			buildSettings = {
				ASSETCATALOG_COMPILER_APPICON_NAME = AppIcon;
				DEVELOPMENT_TEAM = HM3P6TPYBB;
				INFOPLIST_FILE = Kwitter/Info.plist;
				LD_RUNPATH_SEARCH_PATHS = "$(inherited) @executable_path/Frameworks";
				PRODUCT_BUNDLE_IDENTIFIER = br.com.appaocubo.Kwitter;
				PRODUCT_NAME = "$(TARGET_NAME)";
				SWIFT_VERSION = 3.0;
			};
			name = Debug;
		};
		FAD051D81E75CC440043DC65 /* Release */ = {
			isa = XCBuildConfiguration;
			buildSettings = {
				ASSETCATALOG_COMPILER_APPICON_NAME = AppIcon;
				DEVELOPMENT_TEAM = HM3P6TPYBB;
				INFOPLIST_FILE = Kwitter/Info.plist;
				LD_RUNPATH_SEARCH_PATHS = "$(inherited) @executable_path/Frameworks";
				PRODUCT_BUNDLE_IDENTIFIER = br.com.appaocubo.Kwitter;
				PRODUCT_NAME = "$(TARGET_NAME)";
				SWIFT_VERSION = 3.0;
			};
			name = Release;
		};
/* End XCBuildConfiguration section */

/* Begin XCConfigurationList section */
		FAD051BF1E75CC430043DC65 /* Build configuration list for PBXProject "Kwitter" */ = {
			isa = XCConfigurationList;
			buildConfigurations = (
				FAD051D41E75CC440043DC65 /* Debug */,
				FAD051D51E75CC440043DC65 /* Release */,
			);
			defaultConfigurationIsVisible = 0;
			defaultConfigurationName = Release;
		};
		FAD051D61E75CC440043DC65 /* Build configuration list for PBXNativeTarget "Kwitter" */ = {
			isa = XCConfigurationList;
			buildConfigurations = (
				FAD051D71E75CC440043DC65 /* Debug */,
				FAD051D81E75CC440043DC65 /* Release */,
			);
			defaultConfigurationIsVisible = 0;
			defaultConfigurationName = Release;
		};
/* End XCConfigurationList section */
	};
	rootObject = FAD051BC1E75CC430043DC65 /* Project object */;
}
